// !$*UTF8*$!
{
	archiveVersion = 1;
	classes = {
	};
	objectVersion = 50;
	objects = {

/* Begin PBXBuildFile section */
		ED3DD73F208E214D00CEDC82 /* AppDelegate.swift in Sources */ = {isa = PBXBuildFile; fileRef = ED3DD73E208E214D00CEDC82 /* AppDelegate.swift */; };
		ED3DD744208E214D00CEDC82 /* Main.storyboard in Resources */ = {isa = PBXBuildFile; fileRef = ED3DD742208E214D00CEDC82 /* Main.storyboard */; };
		ED3DD747208E214D00CEDC82 /* RestuarantRecommendations.xcdatamodeld in Sources */ = {isa = PBXBuildFile; fileRef = ED3DD745208E214D00CEDC82 /* RestuarantRecommendations.xcdatamodeld */; };
		ED3DD749208E215000CEDC82 /* Assets.xcassets in Resources */ = {isa = PBXBuildFile; fileRef = ED3DD748208E215000CEDC82 /* Assets.xcassets */; };
		ED3DD74C208E215000CEDC82 /* LaunchScreen.storyboard in Resources */ = {isa = PBXBuildFile; fileRef = ED3DD74A208E215000CEDC82 /* LaunchScreen.storyboard */; };
		ED3DD755208E2DCC00CEDC82 /* RestaurantTableViewController.swift in Sources */ = {isa = PBXBuildFile; fileRef = ED3DD754208E2DCC00CEDC82 /* RestaurantTableViewController.swift */; };
		ED3DD758208E2FC000CEDC82 /* RestaurantTableViewCell.swift in Sources */ = {isa = PBXBuildFile; fileRef = ED3DD757208E2FC000CEDC82 /* RestaurantTableViewCell.swift */; };
		ED3DD75C208E305900CEDC82 /* UINavigationController+Ext.swift in Sources */ = {isa = PBXBuildFile; fileRef = ED3DD75A208E305800CEDC82 /* UINavigationController+Ext.swift */; };
		ED3DD75D208E305900CEDC82 /* UIColor+Ext.swift in Sources */ = {isa = PBXBuildFile; fileRef = ED3DD75B208E305800CEDC82 /* UIColor+Ext.swift */; };
		ED3DD75F208E409E00CEDC82 /* NewRestuarantTableViewController.swift in Sources */ = {isa = PBXBuildFile; fileRef = ED3DD75E208E409E00CEDC82 /* NewRestuarantTableViewController.swift */; };
		ED3DD761208E46A900CEDC82 /* RestaurantDetailViewController.swift in Sources */ = {isa = PBXBuildFile; fileRef = ED3DD760208E46A900CEDC82 /* RestaurantDetailViewController.swift */; };
		ED3DD763208E472900CEDC82 /* RestaurantDetailHeaderView.swift in Sources */ = {isa = PBXBuildFile; fileRef = ED3DD762208E472900CEDC82 /* RestaurantDetailHeaderView.swift */; };
		ED3DD768208E487100CEDC82 /* RestaurantDetailMapCell.swift in Sources */ = {isa = PBXBuildFile; fileRef = ED3DD764208E487000CEDC82 /* RestaurantDetailMapCell.swift */; };
		ED3DD769208E487100CEDC82 /* RestaurantDetailSeparatorCell.swift in Sources */ = {isa = PBXBuildFile; fileRef = ED3DD765208E487000CEDC82 /* RestaurantDetailSeparatorCell.swift */; };
		ED3DD76A208E487100CEDC82 /* RestaurantDetailIconTextCell.swift in Sources */ = {isa = PBXBuildFile; fileRef = ED3DD766208E487100CEDC82 /* RestaurantDetailIconTextCell.swift */; };
		ED3DD76B208E487100CEDC82 /* RestaurantDetailTextCell.swift in Sources */ = {isa = PBXBuildFile; fileRef = ED3DD767208E487100CEDC82 /* RestaurantDetailTextCell.swift */; };
		ED3DD76D208E507400CEDC82 /* ReviewViewController.swift in Sources */ = {isa = PBXBuildFile; fileRef = ED3DD76C208E507300CEDC82 /* ReviewViewController.swift */; };
		ED3DD76F208E5C5500CEDC82 /* MapViewController.swift in Sources */ = {isa = PBXBuildFile; fileRef = ED3DD76E208E5C5500CEDC82 /* MapViewController.swift */; };
		ED3DD773208E5EEA00CEDC82 /* AboutTableViewController.swift in Sources */ = {isa = PBXBuildFile; fileRef = ED3DD771208E5EEA00CEDC82 /* AboutTableViewController.swift */; };
/* End PBXBuildFile section */

/* Begin PBXFileReference section */
		ED3DD73B208E214D00CEDC82 /* RestuarantRecommendations.app */ = {isa = PBXFileReference; explicitFileType = wrapper.application; includeInIndex = 0; path = RestuarantRecommendations.app; sourceTree = BUILT_PRODUCTS_DIR; };
		ED3DD73E208E214D00CEDC82 /* AppDelegate.swift */ = {isa = PBXFileReference; lastKnownFileType = sourcecode.swift; path = AppDelegate.swift; sourceTree = "<group>"; };
		ED3DD743208E214D00CEDC82 /* Base */ = {isa = PBXFileReference; lastKnownFileType = file.storyboard; name = Base; path = Base.lproj/Main.storyboard; sourceTree = "<group>"; };
		ED3DD746208E214D00CEDC82 /* RestuarantRecommendations.xcdatamodel */ = {isa = PBXFileReference; lastKnownFileType = wrapper.xcdatamodel; path = RestuarantRecommendations.xcdatamodel; sourceTree = "<group>"; };
		ED3DD748208E215000CEDC82 /* Assets.xcassets */ = {isa = PBXFileReference; lastKnownFileType = folder.assetcatalog; path = Assets.xcassets; sourceTree = "<group>"; };
		ED3DD74B208E215000CEDC82 /* Base */ = {isa = PBXFileReference; lastKnownFileType = file.storyboard; name = Base; path = Base.lproj/LaunchScreen.storyboard; sourceTree = "<group>"; };
		ED3DD74D208E215000CEDC82 /* Info.plist */ = {isa = PBXFileReference; lastKnownFileType = text.plist.xml; path = Info.plist; sourceTree = "<group>"; };
		ED3DD754208E2DCC00CEDC82 /* RestaurantTableViewController.swift */ = {isa = PBXFileReference; fileEncoding = 4; lastKnownFileType = sourcecode.swift; path = RestaurantTableViewController.swift; sourceTree = "<group>"; };
		ED3DD757208E2FC000CEDC82 /* RestaurantTableViewCell.swift */ = {isa = PBXFileReference; fileEncoding = 4; lastKnownFileType = sourcecode.swift; path = RestaurantTableViewCell.swift; sourceTree = "<group>"; };
		ED3DD75A208E305800CEDC82 /* UINavigationController+Ext.swift */ = {isa = PBXFileReference; fileEncoding = 4; lastKnownFileType = sourcecode.swift; path = "UINavigationController+Ext.swift"; sourceTree = "<group>"; };
		ED3DD75B208E305800CEDC82 /* UIColor+Ext.swift */ = {isa = PBXFileReference; fileEncoding = 4; lastKnownFileType = sourcecode.swift; path = "UIColor+Ext.swift"; sourceTree = "<group>"; };
		ED3DD75E208E409E00CEDC82 /* NewRestuarantTableViewController.swift */ = {isa = PBXFileReference; lastKnownFileType = sourcecode.swift; path = NewRestuarantTableViewController.swift; sourceTree = "<group>"; };
		ED3DD760208E46A900CEDC82 /* RestaurantDetailViewController.swift */ = {isa = PBXFileReference; fileEncoding = 4; lastKnownFileType = sourcecode.swift; path = RestaurantDetailViewController.swift; sourceTree = "<group>"; };
		ED3DD762208E472900CEDC82 /* RestaurantDetailHeaderView.swift */ = {isa = PBXFileReference; fileEncoding = 4; lastKnownFileType = sourcecode.swift; path = RestaurantDetailHeaderView.swift; sourceTree = "<group>"; };
		ED3DD764208E487000CEDC82 /* RestaurantDetailMapCell.swift */ = {isa = PBXFileReference; fileEncoding = 4; lastKnownFileType = sourcecode.swift; path = RestaurantDetailMapCell.swift; sourceTree = "<group>"; };
		ED3DD765208E487000CEDC82 /* RestaurantDetailSeparatorCell.swift */ = {isa = PBXFileReference; fileEncoding = 4; lastKnownFileType = sourcecode.swift; path = RestaurantDetailSeparatorCell.swift; sourceTree = "<group>"; };
		ED3DD766208E487100CEDC82 /* RestaurantDetailIconTextCell.swift */ = {isa = PBXFileReference; fileEncoding = 4; lastKnownFileType = sourcecode.swift; path = RestaurantDetailIconTextCell.swift; sourceTree = "<group>"; };
		ED3DD767208E487100CEDC82 /* RestaurantDetailTextCell.swift */ = {isa = PBXFileReference; fileEncoding = 4; lastKnownFileType = sourcecode.swift; path = RestaurantDetailTextCell.swift; sourceTree = "<group>"; };
		ED3DD76C208E507300CEDC82 /* ReviewViewController.swift */ = {isa = PBXFileReference; fileEncoding = 4; lastKnownFileType = sourcecode.swift; path = ReviewViewController.swift; sourceTree = "<group>"; };
		ED3DD76E208E5C5500CEDC82 /* MapViewController.swift */ = {isa = PBXFileReference; fileEncoding = 4; lastKnownFileType = sourcecode.swift; path = MapViewController.swift; sourceTree = "<group>"; };
		ED3DD771208E5EEA00CEDC82 /* AboutTableViewController.swift */ = {isa = PBXFileReference; fileEncoding = 4; lastKnownFileType = sourcecode.swift; path = AboutTableViewController.swift; sourceTree = "<group>"; };
/* End PBXFileReference section */

/* Begin PBXFrameworksBuildPhase section */
		ED3DD738208E214D00CEDC82 /* Frameworks */ = {
			isa = PBXFrameworksBuildPhase;
			buildActionMask = 2147483647;
			files = (
			);
			runOnlyForDeploymentPostprocessing = 0;
		};
/* End PBXFrameworksBuildPhase section */

/* Begin PBXGroup section */
		ED3DD732208E214D00CEDC82 = {
			isa = PBXGroup;
			children = (
				ED3DD73D208E214D00CEDC82 /* RestuarantRecommendations */,
				ED3DD73C208E214D00CEDC82 /* Products */,
			);
			sourceTree = "<group>";
		};
		ED3DD73C208E214D00CEDC82 /* Products */ = {
			isa = PBXGroup;
			children = (
				ED3DD73B208E214D00CEDC82 /* RestuarantRecommendations.app */,
			);
			name = Products;
			sourceTree = "<group>";
		};
		ED3DD73D208E214D00CEDC82 /* RestuarantRecommendations */ = {
			isa = PBXGroup;
			children = (
				ED3DD759208E305800CEDC82 /* Extensions */,
				ED3DD756208E2FC000CEDC82 /* View */,
				ED3DD753208E2DCC00CEDC82 /* Controller */,
				ED3DD73E208E214D00CEDC82 /* AppDelegate.swift */,
				ED3DD742208E214D00CEDC82 /* Main.storyboard */,
				ED3DD748208E215000CEDC82 /* Assets.xcassets */,
				ED3DD74A208E215000CEDC82 /* LaunchScreen.storyboard */,
				ED3DD74D208E215000CEDC82 /* Info.plist */,
				ED3DD745208E214D00CEDC82 /* RestuarantRecommendations.xcdatamodeld */,
			);
			path = RestuarantRecommendations;
			sourceTree = "<group>";
		};
		ED3DD753208E2DCC00CEDC82 /* Controller */ = {
			isa = PBXGroup;
			children = (
				ED3DD771208E5EEA00CEDC82 /* AboutTableViewController.swift */,
				ED3DD76E208E5C5500CEDC82 /* MapViewController.swift */,
				ED3DD76C208E507300CEDC82 /* ReviewViewController.swift */,
				ED3DD760208E46A900CEDC82 /* RestaurantDetailViewController.swift */,
				ED3DD754208E2DCC00CEDC82 /* RestaurantTableViewController.swift */,
				ED3DD75E208E409E00CEDC82 /* NewRestuarantTableViewController.swift */,
			);
			path = Controller;
			sourceTree = "<group>";
		};
		ED3DD756208E2FC000CEDC82 /* View */ = {
			isa = PBXGroup;
			children = (
				ED3DD766208E487100CEDC82 /* RestaurantDetailIconTextCell.swift */,
				ED3DD764208E487000CEDC82 /* RestaurantDetailMapCell.swift */,
				ED3DD765208E487000CEDC82 /* RestaurantDetailSeparatorCell.swift */,
				ED3DD767208E487100CEDC82 /* RestaurantDetailTextCell.swift */,
				ED3DD762208E472900CEDC82 /* RestaurantDetailHeaderView.swift */,
				ED3DD757208E2FC000CEDC82 /* RestaurantTableViewCell.swift */,
			);
			path = View;
			sourceTree = "<group>";
		};
		ED3DD759208E305800CEDC82 /* Extensions */ = {
			isa = PBXGroup;
			children = (
				ED3DD75A208E305800CEDC82 /* UINavigationController+Ext.swift */,
				ED3DD75B208E305800CEDC82 /* UIColor+Ext.swift */,
			);
			path = Extensions;
			sourceTree = "<group>";
		};
/* End PBXGroup section */

/* Begin PBXNativeTarget section */
		ED3DD73A208E214D00CEDC82 /* RestuarantRecommendations */ = {
			isa = PBXNativeTarget;
			buildConfigurationList = ED3DD750208E215000CEDC82 /* Build configuration list for PBXNativeTarget "RestuarantRecommendations" */;
			buildPhases = (
				ED3DD737208E214D00CEDC82 /* Sources */,
				ED3DD738208E214D00CEDC82 /* Frameworks */,
				ED3DD739208E214D00CEDC82 /* Resources */,
			);
			buildRules = (
			);
			dependencies = (
			);
			name = RestuarantRecommendations;
			productName = RestuarantRecommendations;
			productReference = ED3DD73B208E214D00CEDC82 /* RestuarantRecommendations.app */;
			productType = "com.apple.product-type.application";
		};
/* End PBXNativeTarget section */

/* Begin PBXProject section */
		ED3DD733208E214D00CEDC82 /* Project object */ = {
			isa = PBXProject;
			attributes = {
				LastSwiftUpdateCheck = 0930;
				LastUpgradeCheck = 0930;
				ORGANIZATIONNAME = privateprojects;
				TargetAttributes = {
					ED3DD73A208E214D00CEDC82 = {
						CreatedOnToolsVersion = 9.3;
					};
				};
			};
			buildConfigurationList = ED3DD736208E214D00CEDC82 /* Build configuration list for PBXProject "RestuarantRecommendations" */;
			compatibilityVersion = "Xcode 9.3";
			developmentRegion = en;
			hasScannedForEncodings = 0;
			knownRegions = (
				en,
				Base,
			);
			mainGroup = ED3DD732208E214D00CEDC82;
			productRefGroup = ED3DD73C208E214D00CEDC82 /* Products */;
			projectDirPath = "";
			projectRoot = "";
			targets = (
				ED3DD73A208E214D00CEDC82 /* RestuarantRecommendations */,
			);
		};
/* End PBXProject section */

/* Begin PBXResourcesBuildPhase section */
		ED3DD739208E214D00CEDC82 /* Resources */ = {
			isa = PBXResourcesBuildPhase;
			buildActionMask = 2147483647;
			files = (
				ED3DD74C208E215000CEDC82 /* LaunchScreen.storyboard in Resources */,
				ED3DD749208E215000CEDC82 /* Assets.xcassets in Resources */,
				ED3DD744208E214D00CEDC82 /* Main.storyboard in Resources */,
			);
			runOnlyForDeploymentPostprocessing = 0;
		};
/* End PBXResourcesBuildPhase section */

/* Begin PBXSourcesBuildPhase section */
		ED3DD737208E214D00CEDC82 /* Sources */ = {
			isa = PBXSourcesBuildPhase;
			buildActionMask = 2147483647;
			files = (
				ED3DD758208E2FC000CEDC82 /* RestaurantTableViewCell.swift in Sources */,
				ED3DD75C208E305900CEDC82 /* UINavigationController+Ext.swift in Sources */,
				ED3DD76D208E507400CEDC82 /* ReviewViewController.swift in Sources */,
				ED3DD76B208E487100CEDC82 /* RestaurantDetailTextCell.swift in Sources */,
				ED3DD761208E46A900CEDC82 /* RestaurantDetailViewController.swift in Sources */,
				ED3DD763208E472900CEDC82 /* RestaurantDetailHeaderView.swift in Sources */,
				ED3DD747208E214D00CEDC82 /* RestuarantRecommendations.xcdatamodeld in Sources */,
				ED3DD75F208E409E00CEDC82 /* NewRestuarantTableViewController.swift in Sources */,
				ED3DD75D208E305900CEDC82 /* UIColor+Ext.swift in Sources */,
				ED3DD76A208E487100CEDC82 /* RestaurantDetailIconTextCell.swift in Sources */,
				ED3DD73F208E214D00CEDC82 /* AppDelegate.swift in Sources */,
				ED3DD773208E5EEA00CEDC82 /* AboutTableViewController.swift in Sources */,
				ED3DD768208E487100CEDC82 /* RestaurantDetailMapCell.swift in Sources */,
				ED3DD769208E487100CEDC82 /* RestaurantDetailSeparatorCell.swift in Sources */,
				ED3DD76F208E5C5500CEDC82 /* MapViewController.swift in Sources */,
				ED3DD755208E2DCC00CEDC82 /* RestaurantTableViewController.swift in Sources */,
			);
			runOnlyForDeploymentPostprocessing = 0;
		};
/* End PBXSourcesBuildPhase section */

/* Begin PBXVariantGroup section */
		ED3DD742208E214D00CEDC82 /* Main.storyboard */ = {
			isa = PBXVariantGroup;
			children = (
				ED3DD743208E214D00CEDC82 /* Base */,
			);
			name = Main.storyboard;
			sourceTree = "<group>";
		};
		ED3DD74A208E215000CEDC82 /* LaunchScreen.storyboard */ = {
			isa = PBXVariantGroup;
			children = (
				ED3DD74B208E215000CEDC82 /* Base */,
			);
			name = LaunchScreen.storyboard;
			sourceTree = "<group>";
		};
/* End PBXVariantGroup section */

/* Begin XCBuildConfiguration section */
		ED3DD74E208E215000CEDC82 /* Debug */ = {
			isa = XCBuildConfiguration;
			buildSettings = {
				ALWAYS_SEARCH_USER_PATHS = NO;
				CLANG_ANALYZER_NONNULL = YES;
				CLANG_ANALYZER_NUMBER_OBJECT_CONVERSION = YES_AGGRESSIVE;
				CLANG_CXX_LANGUAGE_STANDARD = "gnu++14";
				CLANG_CXX_LIBRARY = "libc++";
				CLANG_ENABLE_MODULES = YES;
				CLANG_ENABLE_OBJC_ARC = YES;
				CLANG_ENABLE_OBJC_WEAK = YES;
				CLANG_WARN_BLOCK_CAPTURE_AUTORELEASING = YES;
				CLANG_WARN_BOOL_CONVERSION = YES;
				CLANG_WARN_COMMA = YES;
				CLANG_WARN_CONSTANT_CONVERSION = YES;
				CLANG_WARN_DEPRECATED_OBJC_IMPLEMENTATIONS = YES;
				CLANG_WARN_DIRECT_OBJC_ISA_USAGE = YES_ERROR;
				CLANG_WARN_DOCUMENTATION_COMMENTS = YES;
				CLANG_WARN_EMPTY_BODY = YES;
				CLANG_WARN_ENUM_CONVERSION = YES;
				CLANG_WARN_INFINITE_RECURSION = YES;
				CLANG_WARN_INT_CONVERSION = YES;
				CLANG_WARN_NON_LITERAL_NULL_CONVERSION = YES;
				CLANG_WARN_OBJC_IMPLICIT_RETAIN_SELF = YES;
				CLANG_WARN_OBJC_LITERAL_CONVERSION = YES;
				CLANG_WARN_OBJC_ROOT_CLASS = YES_ERROR;
				CLANG_WARN_RANGE_LOOP_ANALYSIS = YES;
				CLANG_WARN_STRICT_PROTOTYPES = YES;
				CLANG_WARN_SUSPICIOUS_MOVE = YES;
				CLANG_WARN_UNGUARDED_AVAILABILITY = YES_AGGRESSIVE;
				CLANG_WARN_UNREACHABLE_CODE = YES;
				CLANG_WARN__DUPLICATE_METHOD_MATCH = YES;
				CODE_SIGN_IDENTITY = "iPhone Developer";
				COPY_PHASE_STRIP = NO;
				DEBUG_INFORMATION_FORMAT = dwarf;
				ENABLE_STRICT_OBJC_MSGSEND = YES;
				ENABLE_TESTABILITY = YES;
				GCC_C_LANGUAGE_STANDARD = gnu11;
				GCC_DYNAMIC_NO_PIC = NO;
				GCC_NO_COMMON_BLOCKS = YES;
				GCC_OPTIMIZATION_LEVEL = 0;
				GCC_PREPROCESSOR_DEFINITIONS = (
					"DEBUG=1",
					"$(inherited)",
				);
				GCC_WARN_64_TO_32_BIT_CONVERSION = YES;
				GCC_WARN_ABOUT_RETURN_TYPE = YES_ERROR;
				GCC_WARN_UNDECLARED_SELECTOR = YES;
				GCC_WARN_UNINITIALIZED_AUTOS = YES_AGGRESSIVE;
				GCC_WARN_UNUSED_FUNCTION = YES;
				GCC_WARN_UNUSED_VARIABLE = YES;
				IPHONEOS_DEPLOYMENT_TARGET = 11.3;
				MTL_ENABLE_DEBUG_INFO = YES;
				ONLY_ACTIVE_ARCH = YES;
				SDKROOT = iphoneos;
				SWIFT_ACTIVE_COMPILATION_CONDITIONS = DEBUG;
				SWIFT_OPTIMIZATION_LEVEL = "-Onone";
			};
			name = Debug;
		};
		ED3DD74F208E215000CEDC82 /* Release */ = {
			isa = XCBuildConfiguration;
			buildSettings = {
				ALWAYS_SEARCH_USER_PATHS = NO;
				CLANG_ANALYZER_NONNULL = YES;
				CLANG_ANALYZER_NUMBER_OBJECT_CONVERSION = YES_AGGRESSIVE;
				CLANG_CXX_LANGUAGE_STANDARD = "gnu++14";
				CLANG_CXX_LIBRARY = "libc++";
				CLANG_ENABLE_MODULES = YES;
				CLANG_ENABLE_OBJC_ARC = YES;
				CLANG_ENABLE_OBJC_WEAK = YES;
				CLANG_WARN_BLOCK_CAPTURE_AUTORELEASING = YES;
				CLANG_WARN_BOOL_CONVERSION = YES;
				CLANG_WARN_COMMA = YES;
				CLANG_WARN_CONSTANT_CONVERSION = YES;
				CLANG_WARN_DEPRECATED_OBJC_IMPLEMENTATIONS = YES;
				CLANG_WARN_DIRECT_OBJC_ISA_USAGE = YES_ERROR;
				CLANG_WARN_DOCUMENTATION_COMMENTS = YES;
				CLANG_WARN_EMPTY_BODY = YES;
				CLANG_WARN_ENUM_CONVERSION = YES;
				CLANG_WARN_INFINITE_RECURSION = YES;
				CLANG_WARN_INT_CONVERSION = YES;
				CLANG_WARN_NON_LITERAL_NULL_CONVERSION = YES;
				CLANG_WARN_OBJC_IMPLICIT_RETAIN_SELF = YES;
				CLANG_WARN_OBJC_LITERAL_CONVERSION = YES;
				CLANG_WARN_OBJC_ROOT_CLASS = YES_ERROR;
				CLANG_WARN_RANGE_LOOP_ANALYSIS = YES;
				CLANG_WARN_STRICT_PROTOTYPES = YES;
				CLANG_WARN_SUSPICIOUS_MOVE = YES;
				CLANG_WARN_UNGUARDED_AVAILABILITY = YES_AGGRESSIVE;
				CLANG_WARN_UNREACHABLE_CODE = YES;
				CLANG_WARN__DUPLICATE_METHOD_MATCH = YES;
				CODE_SIGN_IDENTITY = "iPhone Developer";
				COPY_PHASE_STRIP = NO;
				DEBUG_INFORMATION_FORMAT = "dwarf-with-dsym";
				ENABLE_NS_ASSERTIONS = NO;
				ENABLE_STRICT_OBJC_MSGSEND = YES;
				GCC_C_LANGUAGE_STANDARD = gnu11;
				GCC_NO_COMMON_BLOCKS = YES;
				GCC_WARN_64_TO_32_BIT_CONVERSION = YES;
				GCC_WARN_ABOUT_RETURN_TYPE = YES_ERROR;
				GCC_WARN_UNDECLARED_SELECTOR = YES;
				GCC_WARN_UNINITIALIZED_AUTOS = YES_AGGRESSIVE;
				GCC_WARN_UNUSED_FUNCTION = YES;
				GCC_WARN_UNUSED_VARIABLE = YES;
				IPHONEOS_DEPLOYMENT_TARGET = 11.3;
				MTL_ENABLE_DEBUG_INFO = NO;
				SDKROOT = iphoneos;
				SWIFT_COMPILATION_MODE = wholemodule;
				SWIFT_OPTIMIZATION_LEVEL = "-O";
				VALIDATE_PRODUCT = YES;
			};
			name = Release;
		};
		ED3DD751208E215000CEDC82 /* Debug */ = {
			isa = XCBuildConfiguration;
			buildSettings = {
				ASSETCATALOG_COMPILER_APPICON_NAME = AppIcon;
				CODE_SIGN_STYLE = Automatic;
				INFOPLIST_FILE = RestuarantRecommendations/Info.plist;
				LD_RUNPATH_SEARCH_PATHS = (
					"$(inherited)",
					"@executable_path/Frameworks",
				);
				PRODUCT_BUNDLE_IDENTIFIER = com.privateprojects.RestuarantRecommendations;
				PRODUCT_NAME = "$(TARGET_NAME)";
				SWIFT_VERSION = 4.0;
				TARGETED_DEVICE_FAMILY = "1,2";
			};
			name = Debug;
		};
		ED3DD752208E215000CEDC82 /* Release */ = {
			isa = XCBuildConfiguration;
			buildSettings = {
				ASSETCATALOG_COMPILER_APPICON_NAME = AppIcon;
				CODE_SIGN_STYLE = Automatic;
				INFOPLIST_FILE = RestuarantRecommendations/Info.plist;
				LD_RUNPATH_SEARCH_PATHS = (
					"$(inherited)",
					"@executable_path/Frameworks",
				);
				PRODUCT_BUNDLE_IDENTIFIER = com.privateprojects.RestuarantRecommendations;
				PRODUCT_NAME = "$(TARGET_NAME)";
				SWIFT_VERSION = 4.0;
				TARGETED_DEVICE_FAMILY = "1,2";
			};
			name = Release;
		};
/* End XCBuildConfiguration section */

/* Begin XCConfigurationList section */
		ED3DD736208E214D00CEDC82 /* Build configuration list for PBXProject "RestuarantRecommendations" */ = {
			isa = XCConfigurationList;
			buildConfigurations = (
				ED3DD74E208E215000CEDC82 /* Debug */,
				ED3DD74F208E215000CEDC82 /* Release */,
			);
			defaultConfigurationIsVisible = 0;
			defaultConfigurationName = Release;
		};
		ED3DD750208E215000CEDC82 /* Build configuration list for PBXNativeTarget "RestuarantRecommendations" */ = {
			isa = XCConfigurationList;
			buildConfigurations = (
				ED3DD751208E215000CEDC82 /* Debug */,
				ED3DD752208E215000CEDC82 /* Release */,
			);
			defaultConfigurationIsVisible = 0;
			defaultConfigurationName = Release;
		};
/* End XCConfigurationList section */

/* Begin XCVersionGroup section */
		ED3DD745208E214D00CEDC82 /* RestuarantRecommendations.xcdatamodeld */ = {
			isa = XCVersionGroup;
			children = (
				ED3DD746208E214D00CEDC82 /* RestuarantRecommendations.xcdatamodel */,
			);
			currentVersion = ED3DD746208E214D00CEDC82 /* RestuarantRecommendations.xcdatamodel */;
			path = RestuarantRecommendations.xcdatamodeld;
			sourceTree = "<group>";
			versionGroupType = wrapper.xcdatamodel;
		};
/* End XCVersionGroup section */
	};
	rootObject = ED3DD733208E214D00CEDC82 /* Project object */;
}
